Microsoft Visual Studio Solution File, Format Version 12.00
# Visual Studio Version 16
VisualStudioVersion = 16.0.0.0
MinimumVisualStudioVersion = 16.0.0.0
Project("{9A19103F-16F7-4668-BE54-9A1E7A4F7556}") = "bugTracker.Server", "Server\bugTracker.Server.csproj", "{EB08ED2A-5775-4A4A-8C48-CEE88BE0BB19}"
EndProject
Project("{9A19103F-16F7-4668-BE54-9A1E7A4F7556}") = "bugTracker.Client", "Client\bugTracker.Client.csproj", "{E707CFB9-FEB8-434A-A7D9-CF62341ECBDF}"
EndProject
Project("{9A19103F-16F7-4668-BE54-9A1E7A4F7556}") = "bugTracker.Shared", "Shared\bugTracker.Shared.csproj", "{51C20BCB-7B59-4B82-B92B-70D41CA6DCA7}"
EndProject
Global
	GlobalSection(SolutionConfigurationPlatforms) = preSolution
		Debug|Any CPU = Debug|Any CPU
		Debug|x64 = Debug|x64
		Debug|x86 = Debug|x86
		Release|Any CPU = Release|Any CPU
		Release|x64 = Release|x64
		Release|x86 = Release|x86
	EndGlobalSection
	GlobalSection(ProjectConfigurationPlatforms) = postSolution
		{E707CFB9-FEB8-434A-A7D9-CF62341ECBDF}.Debug|Any CPU.ActiveCfg = Debug|Any CPU
		{E707CFB9-FEB8-434A-A7D9-CF62341ECBDF}.Debug|Any CPU.Build.0 = Debug|Any CPU
		{E707CFB9-FEB8-434A-A7D9-CF62341ECBDF}.Debug|x64.ActiveCfg = Debug|Any CPU
		{E707CFB9-FEB8-434A-A7D9-CF62341ECBDF}.Debug|x64.Build.0 = Debug|Any CPU
		{E707CFB9-FEB8-434A-A7D9-CF62341ECBDF}.Debug|x86.ActiveCfg = Debug|Any CPU
		{E707CFB9-FEB8-434A-A7D9-CF62341ECBDF}.Debug|x86.Build.0 = Debug|Any CPU
		{E707CFB9-FEB8-434A-A7D9-CF62341ECBDF}.Release|Any CPU.ActiveCfg = Release|Any CPU
		{E707CFB9-FEB8-434A-A7D9-CF62341ECBDF}.Release|Any CPU.Build.0 = Release|Any CPU
		{E707CFB9-FEB8-434A-A7D9-CF62341ECBDF}.Release|x64.ActiveCfg = Release|Any CPU
		{E707CFB9-FEB8-434A-A7D9-CF62341ECBDF}.Release|x64.Build.0 = Release|Any CPU
		{E707CFB9-FEB8-434A-A7D9-CF62341ECBDF}.Release|x86.ActiveCfg = Release|Any CPU
		{E707CFB9-FEB8-434A-A7D9-CF62341ECBDF}.Release|x86.Build.0 = Release|Any CPU
		{EB08ED2A-5775-4A4A-8C48-CEE88BE0BB19}.Debug|Any CPU.ActiveCfg = Debug|Any CPU
		{EB08ED2A-5775-4A4A-8C48-CEE88BE0BB19}.Debug|Any CPU.Build.0 = Debug|Any CPU
		{EB08ED2A-5775-4A4A-8C48-CEE88BE0BB19}.Debug|x64.ActiveCfg = Debug|Any CPU
		{EB08ED2A-5775-4A4A-8C48-CEE88BE0BB19}.Debug|x64.Build.0 = Debug|Any CPU
		{EB08ED2A-5775-4A4A-8C48-CEE88BE0BB19}.Debug|x86.ActiveCfg = Debug|Any CPU
		{EB08ED2A-5775-4A4A-8C48-CEE88BE0BB19}.Debug|x86.Build.0 = Debug|Any CPU
		{EB08ED2A-5775-4A4A-8C48-CEE88BE0BB19}.Release|Any CPU.ActiveCfg = Release|Any CPU
		{EB08ED2A-5775-4A4A-8C48-CEE88BE0BB19}.Release|Any CPU.Build.0 = Release|Any CPU
		{EB08ED2A-5775-4A4A-8C48-CEE88BE0BB19}.Release|x64.ActiveCfg = Release|Any CPU
		{EB08ED2A-5775-4A4A-8C48-CEE88BE0BB19}.Release|x64.Build.0 = Release|Any CPU
		{EB08ED2A-5775-4A4A-8C48-CEE88BE0BB19}.Release|x86.ActiveCfg = Release|Any CPU
		{EB08ED2A-5775-4A4A-8C48-CEE88BE0BB19}.Release|x86.Build.0 = Release|Any CPU
		{51C20BCB-7B59-4B82-B92B-70D41CA6DCA7}.Debug|Any CPU.ActiveCfg = Debug|Any CPU
		{51C20BCB-7B59-4B82-B92B-70D41CA6DCA7}.Debug|Any CPU.Build.0 = Debug|Any CPU
		{51C20BCB-7B59-4B82-B92B-70D41CA6DCA7}.Debug|x64.ActiveCfg = Debug|Any CPU
		{51C20BCB-7B59-4B82-B92B-70D41CA6DCA7}.Debug|x64.Build.0 = Debug|Any CPU
		{51C20BCB-7B59-4B82-B92B-70D41CA6DCA7}.Debug|x86.ActiveCfg = Debug|Any CPU
		{51C20BCB-7B59-4B82-B92B-70D41CA6DCA7}.Debug|x86.Build.0 = Debug|Any CPU
		{51C20BCB-7B59-4B82-B92B-70D41CA6DCA7}.Release|Any CPU.ActiveCfg = Release|Any CPU
		{51C20BCB-7B59-4B82-B92B-70D41CA6DCA7}.Release|Any CPU.Build.0 = Release|Any CPU
		{51C20BCB-7B59-4B82-B92B-70D41CA6DCA7}.Release|x64.ActiveCfg = Release|Any CPU
		{51C20BCB-7B59-4B82-B92B-70D41CA6DCA7}.Release|x64.Build.0 = Release|Any CPU
		{51C20BCB-7B59-4B82-B92B-70D41CA6DCA7}.Release|x86.ActiveCfg = Release|Any CPU
		{51C20BCB-7B59-4B82-B92B-70D41CA6DCA7}.Release|x86.Build.0 = Release|Any CPU
	EndGlobalSection
	GlobalSection(SolutionProperties) = preSolution
		HideSolutionNode = FALSE
	EndGlobalSection
	GlobalSection(ExtensibilityGlobals) = postSolution
		SolutionGuid = {F70EBF76-EE1A-4871-95FA-3CBF2EB778B9}
	EndGlobalSection
EndGlobal